
Microsoft Visual Studio Solution File, Format Version 12.00
# Visual Studio Version 17
VisualStudioVersion = 17.14.37111.16 d17.14
MinimumVisualStudioVersion = 10.0.40219.1
Project("{FAE04EC0-301F-11D3-BF4B-00C04F79EFBC}") = "DotNet Basic Concepts", "DotNet Basic Concepts.csproj", "{94156843-73DE-4C91-85CE-5A8FCBB1F1A9}"
EndProject
Global
	GlobalSection(SolutionConfigurationPlatforms) = preSolution
		Debug|Any CPU = Debug|Any CPU
		Release|Any CPU = Release|Any CPU
	EndGlobalSection
	GlobalSection(ProjectConfigurationPlatforms) = postSolution
		{94156843-73DE-4C91-85CE-5A8FCBB1F1A9}.Debug|Any CPU.ActiveCfg = Debug|Any CPU
		{94156843-73DE-4C91-85CE-5A8FCBB1F1A9}.Debug|Any CPU.Build.0 = Debug|Any CPU
		{94156843-73DE-4C91-85CE-5A8FCBB1F1A9}.Release|Any CPU.ActiveCfg = Release|Any CPU
		{94156843-73DE-4C91-85CE-5A8FCBB1F1A9}.Release|Any CPU.Build.0 = Release|Any CPU
	EndGlobalSection
	GlobalSection(SolutionProperties) = preSolution
		HideSolutionNode = FALSE
	EndGlobalSection
	GlobalSection(ExtensibilityGlobals) = postSolution
		SolutionGuid = {C8E021D6-6A5A-4658-A991-C601063F339C}
	EndGlobalSection
EndGlobal
